// !$*UTF8*$!
{
	archiveVersion = 1;
	classes = {
	};
	objectVersion = 50;
	objects = {

/* Begin PBXBuildFile section */
		5027E2C2229E8C9500F8D3CD /* AppDelegate.swift in Sources */ = {isa = PBXBuildFile; fileRef = 5027E2C1229E8C9500F8D3CD /* AppDelegate.swift */; };
		5027E2C4229E8C9500F8D3CD /* GameScene.sks in Resources */ = {isa = PBXBuildFile; fileRef = 5027E2C3229E8C9500F8D3CD /* GameScene.sks */; };
		5027E2C8229E8C9500F8D3CD /* GameScene.swift in Sources */ = {isa = PBXBuildFile; fileRef = 5027E2C7229E8C9500F8D3CD /* GameScene.swift */; };
		5027E2CA229E8C9500F8D3CD /* GameViewController.swift in Sources */ = {isa = PBXBuildFile; fileRef = 5027E2C9229E8C9500F8D3CD /* GameViewController.swift */; };
		5027E2CD229E8C9500F8D3CD /* Main.storyboard in Resources */ = {isa = PBXBuildFile; fileRef = 5027E2CB229E8C9500F8D3CD /* Main.storyboard */; };
		5027E2CF229E8C9700F8D3CD /* Assets.xcassets in Resources */ = {isa = PBXBuildFile; fileRef = 5027E2CE229E8C9700F8D3CD /* Assets.xcassets */; };
		5027E2D2229E8C9700F8D3CD /* LaunchScreen.storyboard in Resources */ = {isa = PBXBuildFile; fileRef = 5027E2D0229E8C9700F8D3CD /* LaunchScreen.storyboard */; };
		5027E2DA229E956000F8D3CD /* BuildingNode.swift in Sources */ = {isa = PBXBuildFile; fileRef = 5027E2D9229E956000F8D3CD /* BuildingNode.swift */; };
		5027E2DC229F912C00F8D3CD /* GameLogic.swift in Sources */ = {isa = PBXBuildFile; fileRef = 5027E2DB229F912C00F8D3CD /* GameLogic.swift */; };
		5027E2DE22A0ECF600F8D3CD /* Player.swift in Sources */ = {isa = PBXBuildFile; fileRef = 5027E2DD22A0ECF600F8D3CD /* Player.swift */; };
		5027E2E022A0EE7C00F8D3CD /* Banana.swift in Sources */ = {isa = PBXBuildFile; fileRef = 5027E2DF22A0EE7C00F8D3CD /* Banana.swift */; };
		5027E2E322A0F74400F8D3CD /* hitBuilding.sks in Resources */ = {isa = PBXBuildFile; fileRef = 5027E2E122A0F74400F8D3CD /* hitBuilding.sks */; };
		5027E2E422A0F74400F8D3CD /* hitPlayer.sks in Resources */ = {isa = PBXBuildFile; fileRef = 5027E2E222A0F74400F8D3CD /* hitPlayer.sks */; };
/* End PBXBuildFile section */

/* Begin PBXFileReference section */
		5027E2BE229E8C9500F8D3CD /* MonkeyKong.app */ = {isa = PBXFileReference; explicitFileType = wrapper.application; includeInIndex = 0; path = MonkeyKong.app; sourceTree = BUILT_PRODUCTS_DIR; };
		5027E2C1229E8C9500F8D3CD /* AppDelegate.swift */ = {isa = PBXFileReference; lastKnownFileType = sourcecode.swift; path = AppDelegate.swift; sourceTree = "<group>"; };
		5027E2C3229E8C9500F8D3CD /* GameScene.sks */ = {isa = PBXFileReference; lastKnownFileType = file.sks; path = GameScene.sks; sourceTree = "<group>"; };
		5027E2C7229E8C9500F8D3CD /* GameScene.swift */ = {isa = PBXFileReference; lastKnownFileType = sourcecode.swift; path = GameScene.swift; sourceTree = "<group>"; };
		5027E2C9229E8C9500F8D3CD /* GameViewController.swift */ = {isa = PBXFileReference; lastKnownFileType = sourcecode.swift; path = GameViewController.swift; sourceTree = "<group>"; };
		5027E2CC229E8C9500F8D3CD /* Base */ = {isa = PBXFileReference; lastKnownFileType = file.storyboard; name = Base; path = Base.lproj/Main.storyboard; sourceTree = "<group>"; };
		5027E2CE229E8C9700F8D3CD /* Assets.xcassets */ = {isa = PBXFileReference; lastKnownFileType = folder.assetcatalog; path = Assets.xcassets; sourceTree = "<group>"; };
		5027E2D1229E8C9700F8D3CD /* Base */ = {isa = PBXFileReference; lastKnownFileType = file.storyboard; name = Base; path = Base.lproj/LaunchScreen.storyboard; sourceTree = "<group>"; };
		5027E2D3229E8C9700F8D3CD /* Info.plist */ = {isa = PBXFileReference; lastKnownFileType = text.plist.xml; path = Info.plist; sourceTree = "<group>"; };
		5027E2D9229E956000F8D3CD /* BuildingNode.swift */ = {isa = PBXFileReference; lastKnownFileType = sourcecode.swift; path = BuildingNode.swift; sourceTree = "<group>"; };
		5027E2DB229F912C00F8D3CD /* GameLogic.swift */ = {isa = PBXFileReference; lastKnownFileType = sourcecode.swift; path = GameLogic.swift; sourceTree = "<group>"; };
		5027E2DD22A0ECF600F8D3CD /* Player.swift */ = {isa = PBXFileReference; lastKnownFileType = sourcecode.swift; path = Player.swift; sourceTree = "<group>"; };
		5027E2DF22A0EE7C00F8D3CD /* Banana.swift */ = {isa = PBXFileReference; lastKnownFileType = sourcecode.swift; path = Banana.swift; sourceTree = "<group>"; };
		5027E2E122A0F74400F8D3CD /* hitBuilding.sks */ = {isa = PBXFileReference; lastKnownFileType = file.sks; path = hitBuilding.sks; sourceTree = "<group>"; };
		5027E2E222A0F74400F8D3CD /* hitPlayer.sks */ = {isa = PBXFileReference; lastKnownFileType = file.sks; path = hitPlayer.sks; sourceTree = "<group>"; };
/* End PBXFileReference section */

/* Begin PBXFrameworksBuildPhase section */
		5027E2BB229E8C9500F8D3CD /* Frameworks */ = {
			isa = PBXFrameworksBuildPhase;
			buildActionMask = 2147483647;
			files = (
			);
			runOnlyForDeploymentPostprocessing = 0;
		};
/* End PBXFrameworksBuildPhase section */

/* Begin PBXGroup section */
		5027E2B5229E8C9400F8D3CD = {
			isa = PBXGroup;
			children = (
				5027E2C0229E8C9500F8D3CD /* MonkeyKong */,
				5027E2BF229E8C9500F8D3CD /* Products */,
			);
			sourceTree = "<group>";
		};
		5027E2BF229E8C9500F8D3CD /* Products */ = {
			isa = PBXGroup;
			children = (
				5027E2BE229E8C9500F8D3CD /* MonkeyKong.app */,
			);
			name = Products;
			sourceTree = "<group>";
		};
		5027E2C0229E8C9500F8D3CD /* MonkeyKong */ = {
			isa = PBXGroup;
			children = (
				5027E2C1229E8C9500F8D3CD /* AppDelegate.swift */,
				5027E2C3229E8C9500F8D3CD /* GameScene.sks */,
				5027E2C7229E8C9500F8D3CD /* GameScene.swift */,
				5027E2DD22A0ECF600F8D3CD /* Player.swift */,
				5027E2C9229E8C9500F8D3CD /* GameViewController.swift */,
				5027E2CB229E8C9500F8D3CD /* Main.storyboard */,
				5027E2CE229E8C9700F8D3CD /* Assets.xcassets */,
				5027E2D0229E8C9700F8D3CD /* LaunchScreen.storyboard */,
				5027E2D3229E8C9700F8D3CD /* Info.plist */,
				5027E2D9229E956000F8D3CD /* BuildingNode.swift */,
				5027E2DB229F912C00F8D3CD /* GameLogic.swift */,
				5027E2DF22A0EE7C00F8D3CD /* Banana.swift */,
				5027E2E122A0F74400F8D3CD /* hitBuilding.sks */,
				5027E2E222A0F74400F8D3CD /* hitPlayer.sks */,
			);
			path = MonkeyKong;
			sourceTree = "<group>";
		};
/* End PBXGroup section */

/* Begin PBXNativeTarget section */
		5027E2BD229E8C9500F8D3CD /* MonkeyKong */ = {
			isa = PBXNativeTarget;
			buildConfigurationList = 5027E2D6229E8C9700F8D3CD /* Build configuration list for PBXNativeTarget "MonkeyKong" */;
			buildPhases = (
				5027E2BA229E8C9500F8D3CD /* Sources */,
				5027E2BB229E8C9500F8D3CD /* Frameworks */,
				5027E2BC229E8C9500F8D3CD /* Resources */,
			);
			buildRules = (
			);
			dependencies = (
			);
			name = MonkeyKong;
			productName = MonkeyKong;
			productReference = 5027E2BE229E8C9500F8D3CD /* MonkeyKong.app */;
			productType = "com.apple.product-type.application";
		};
/* End PBXNativeTarget section */

/* Begin PBXProject section */
		5027E2B6229E8C9400F8D3CD /* Project object */ = {
			isa = PBXProject;
			attributes = {
				LastSwiftUpdateCheck = 1020;
				LastUpgradeCheck = 1020;
				ORGANIZATIONNAME = "Tomozi Peter";
				TargetAttributes = {
					5027E2BD229E8C9500F8D3CD = {
						CreatedOnToolsVersion = 10.2.1;
					};
				};
			};
			buildConfigurationList = 5027E2B9229E8C9400F8D3CD /* Build configuration list for PBXProject "MonkeyKong" */;
			compatibilityVersion = "Xcode 9.3";
			developmentRegion = en;
			hasScannedForEncodings = 0;
			knownRegions = (
				en,
				Base,
			);
			mainGroup = 5027E2B5229E8C9400F8D3CD;
			productRefGroup = 5027E2BF229E8C9500F8D3CD /* Products */;
			projectDirPath = "";
			projectRoot = "";
			targets = (
				5027E2BD229E8C9500F8D3CD /* MonkeyKong */,
			);
		};
/* End PBXProject section */

/* Begin PBXResourcesBuildPhase section */
		5027E2BC229E8C9500F8D3CD /* Resources */ = {
			isa = PBXResourcesBuildPhase;
			buildActionMask = 2147483647;
			files = (
				5027E2CD229E8C9500F8D3CD /* Main.storyboard in Resources */,
				5027E2E322A0F74400F8D3CD /* hitBuilding.sks in Resources */,
				5027E2E422A0F74400F8D3CD /* hitPlayer.sks in Resources */,
				5027E2C4229E8C9500F8D3CD /* GameScene.sks in Resources */,
				5027E2CF229E8C9700F8D3CD /* Assets.xcassets in Resources */,
				5027E2D2229E8C9700F8D3CD /* LaunchScreen.storyboard in Resources */,
			);
			runOnlyForDeploymentPostprocessing = 0;
		};
/* End PBXResourcesBuildPhase section */

/* Begin PBXSourcesBuildPhase section */
		5027E2BA229E8C9500F8D3CD /* Sources */ = {
			isa = PBXSourcesBuildPhase;
			buildActionMask = 2147483647;
			files = (
				5027E2C8229E8C9500F8D3CD /* GameScene.swift in Sources */,
				5027E2DA229E956000F8D3CD /* BuildingNode.swift in Sources */,
				5027E2CA229E8C9500F8D3CD /* GameViewController.swift in Sources */,
				5027E2DC229F912C00F8D3CD /* GameLogic.swift in Sources */,
				5027E2DE22A0ECF600F8D3CD /* Player.swift in Sources */,
				5027E2C2229E8C9500F8D3CD /* AppDelegate.swift in Sources */,
				5027E2E022A0EE7C00F8D3CD /* Banana.swift in Sources */,
			);
			runOnlyForDeploymentPostprocessing = 0;
		};
/* End PBXSourcesBuildPhase section */

/* Begin PBXVariantGroup section */
		5027E2CB229E8C9500F8D3CD /* Main.storyboard */ = {
			isa = PBXVariantGroup;
			children = (
				5027E2CC229E8C9500F8D3CD /* Base */,
			);
			name = Main.storyboard;
			sourceTree = "<group>";
		};
		5027E2D0229E8C9700F8D3CD /* LaunchScreen.storyboard */ = {
			isa = PBXVariantGroup;
			children = (
				5027E2D1229E8C9700F8D3CD /* Base */,
			);
			name = LaunchScreen.storyboard;
			sourceTree = "<group>";
		};
/* End PBXVariantGroup section */

/* Begin XCBuildConfiguration section */
		5027E2D4229E8C9700F8D3CD /* Debug */ = {
			isa = XCBuildConfiguration;
			buildSettings = {
				ALWAYS_SEARCH_USER_PATHS = NO;
				CLANG_ANALYZER_NONNULL = YES;
				CLANG_ANALYZER_NUMBER_OBJECT_CONVERSION = YES_AGGRESSIVE;
				CLANG_CXX_LANGUAGE_STANDARD = "gnu++14";
				CLANG_CXX_LIBRARY = "libc++";
				CLANG_ENABLE_MODULES = YES;
				CLANG_ENABLE_OBJC_ARC = YES;
				CLANG_ENABLE_OBJC_WEAK = YES;
				CLANG_WARN_BLOCK_CAPTURE_AUTORELEASING = YES;
				CLANG_WARN_BOOL_CONVERSION = YES;
				CLANG_WARN_COMMA = YES;
				CLANG_WARN_CONSTANT_CONVERSION = YES;
				CLANG_WARN_DEPRECATED_OBJC_IMPLEMENTATIONS = YES;
				CLANG_WARN_DIRECT_OBJC_ISA_USAGE = YES_ERROR;
				CLANG_WARN_DOCUMENTATION_COMMENTS = YES;
				CLANG_WARN_EMPTY_BODY = YES;
				CLANG_WARN_ENUM_CONVERSION = YES;
				CLANG_WARN_INFINITE_RECURSION = YES;
				CLANG_WARN_INT_CONVERSION = YES;
				CLANG_WARN_NON_LITERAL_NULL_CONVERSION = YES;
				CLANG_WARN_OBJC_IMPLICIT_RETAIN_SELF = YES;
				CLANG_WARN_OBJC_LITERAL_CONVERSION = YES;
				CLANG_WARN_OBJC_ROOT_CLASS = YES_ERROR;
				CLANG_WARN_RANGE_LOOP_ANALYSIS = YES;
				CLANG_WARN_STRICT_PROTOTYPES = YES;
				CLANG_WARN_SUSPICIOUS_MOVE = YES;
				CLANG_WARN_UNGUARDED_AVAILABILITY = YES_AGGRESSIVE;
				CLANG_WARN_UNREACHABLE_CODE = YES;
				CLANG_WARN__DUPLICATE_METHOD_MATCH = YES;
				CODE_SIGN_IDENTITY = "iPhone Developer";
				COPY_PHASE_STRIP = NO;
				DEBUG_INFORMATION_FORMAT = dwarf;
				ENABLE_STRICT_OBJC_MSGSEND = YES;
				ENABLE_TESTABILITY = YES;
				GCC_C_LANGUAGE_STANDARD = gnu11;
				GCC_DYNAMIC_NO_PIC = NO;
				GCC_NO_COMMON_BLOCKS = YES;
				GCC_OPTIMIZATION_LEVEL = 0;
				GCC_PREPROCESSOR_DEFINITIONS = (
					"DEBUG=1",
					"$(inherited)",
				);
				GCC_WARN_64_TO_32_BIT_CONVERSION = YES;
				GCC_WARN_ABOUT_RETURN_TYPE = YES_ERROR;
				GCC_WARN_UNDECLARED_SELECTOR = YES;
				GCC_WARN_UNINITIALIZED_AUTOS = YES_AGGRESSIVE;
				GCC_WARN_UNUSED_FUNCTION = YES;
				GCC_WARN_UNUSED_VARIABLE = YES;
				IPHONEOS_DEPLOYMENT_TARGET = 12.2;
				MTL_ENABLE_DEBUG_INFO = INCLUDE_SOURCE;
				MTL_FAST_MATH = YES;
				ONLY_ACTIVE_ARCH = YES;
				SDKROOT = iphoneos;
				SWIFT_ACTIVE_COMPILATION_CONDITIONS = DEBUG;
				SWIFT_OPTIMIZATION_LEVEL = "-Onone";
			};
			name = Debug;
		};
		5027E2D5229E8C9700F8D3CD /* Release */ = {
			isa = XCBuildConfiguration;
			buildSettings = {
				ALWAYS_SEARCH_USER_PATHS = NO;
				CLANG_ANALYZER_NONNULL = YES;
				CLANG_ANALYZER_NUMBER_OBJECT_CONVERSION = YES_AGGRESSIVE;
				CLANG_CXX_LANGUAGE_STANDARD = "gnu++14";
				CLANG_CXX_LIBRARY = "libc++";
				CLANG_ENABLE_MODULES = YES;
				CLANG_ENABLE_OBJC_ARC = YES;
				CLANG_ENABLE_OBJC_WEAK = YES;
				CLANG_WARN_BLOCK_CAPTURE_AUTORELEASING = YES;
				CLANG_WARN_BOOL_CONVERSION = YES;
				CLANG_WARN_COMMA = YES;
				CLANG_WARN_CONSTANT_CONVERSION = YES;
				CLANG_WARN_DEPRECATED_OBJC_IMPLEMENTATIONS = YES;
				CLANG_WARN_DIRECT_OBJC_ISA_USAGE = YES_ERROR;
				CLANG_WARN_DOCUMENTATION_COMMENTS = YES;
				CLANG_WARN_EMPTY_BODY = YES;
				CLANG_WARN_ENUM_CONVERSION = YES;
				CLANG_WARN_INFINITE_RECURSION = YES;
				CLANG_WARN_INT_CONVERSION = YES;
				CLANG_WARN_NON_LITERAL_NULL_CONVERSION = YES;
				CLANG_WARN_OBJC_IMPLICIT_RETAIN_SELF = YES;
				CLANG_WARN_OBJC_LITERAL_CONVERSION = YES;
				CLANG_WARN_OBJC_ROOT_CLASS = YES_ERROR;
				CLANG_WARN_RANGE_LOOP_ANALYSIS = YES;
				CLANG_WARN_STRICT_PROTOTYPES = YES;
				CLANG_WARN_SUSPICIOUS_MOVE = YES;
				CLANG_WARN_UNGUARDED_AVAILABILITY = YES_AGGRESSIVE;
				CLANG_WARN_UNREACHABLE_CODE = YES;
				CLANG_WARN__DUPLICATE_METHOD_MATCH = YES;
				CODE_SIGN_IDENTITY = "iPhone Developer";
				COPY_PHASE_STRIP = NO;
				DEBUG_INFORMATION_FORMAT = "dwarf-with-dsym";
				ENABLE_NS_ASSERTIONS = NO;
				ENABLE_STRICT_OBJC_MSGSEND = YES;
				GCC_C_LANGUAGE_STANDARD = gnu11;
				GCC_NO_COMMON_BLOCKS = YES;
				GCC_WARN_64_TO_32_BIT_CONVERSION = YES;
				GCC_WARN_ABOUT_RETURN_TYPE = YES_ERROR;
				GCC_WARN_UNDECLARED_SELECTOR = YES;
				GCC_WARN_UNINITIALIZED_AUTOS = YES_AGGRESSIVE;
				GCC_WARN_UNUSED_FUNCTION = YES;
				GCC_WARN_UNUSED_VARIABLE = YES;
				IPHONEOS_DEPLOYMENT_TARGET = 12.2;
				MTL_ENABLE_DEBUG_INFO = NO;
				MTL_FAST_MATH = YES;
				SDKROOT = iphoneos;
				SWIFT_COMPILATION_MODE = wholemodule;
				SWIFT_OPTIMIZATION_LEVEL = "-O";
				VALIDATE_PRODUCT = YES;
			};
			name = Release;
		};
		5027E2D7229E8C9700F8D3CD /* Debug */ = {
			isa = XCBuildConfiguration;
			buildSettings = {
				ASSETCATALOG_COMPILER_APPICON_NAME = AppIcon;
				CODE_SIGN_STYLE = Automatic;
				DEVELOPMENT_TEAM = 93R2SNPR4U;
				INFOPLIST_FILE = MonkeyKong/Info.plist;
				LD_RUNPATH_SEARCH_PATHS = (
					"$(inherited)",
					"@executable_path/Frameworks",
				);
				PRODUCT_BUNDLE_IDENTIFIER = p2mozisoft.MonkeyKong;
				PRODUCT_NAME = "$(TARGET_NAME)";
				SWIFT_VERSION = 5.0;
				TARGETED_DEVICE_FAMILY = 2;
			};
			name = Debug;
		};
		5027E2D8229E8C9700F8D3CD /* Release */ = {
			isa = XCBuildConfiguration;
			buildSettings = {
				ASSETCATALOG_COMPILER_APPICON_NAME = AppIcon;
				CODE_SIGN_STYLE = Automatic;
				DEVELOPMENT_TEAM = 93R2SNPR4U;
				INFOPLIST_FILE = MonkeyKong/Info.plist;
				LD_RUNPATH_SEARCH_PATHS = (
					"$(inherited)",
					"@executable_path/Frameworks",
				);
				PRODUCT_BUNDLE_IDENTIFIER = p2mozisoft.MonkeyKong;
				PRODUCT_NAME = "$(TARGET_NAME)";
				SWIFT_VERSION = 5.0;
				TARGETED_DEVICE_FAMILY = 2;
			};
			name = Release;
		};
/* End XCBuildConfiguration section */

/* Begin XCConfigurationList section */
		5027E2B9229E8C9400F8D3CD /* Build configuration list for PBXProject "MonkeyKong" */ = {
			isa = XCConfigurationList;
			buildConfigurations = (
				5027E2D4229E8C9700F8D3CD /* Debug */,
				5027E2D5229E8C9700F8D3CD /* Release */,
			);
			defaultConfigurationIsVisible = 0;
			defaultConfigurationName = Release;
		};
		5027E2D6229E8C9700F8D3CD /* Build configuration list for PBXNativeTarget "MonkeyKong" */ = {
			isa = XCConfigurationList;
			buildConfigurations = (
				5027E2D7229E8C9700F8D3CD /* Debug */,
				5027E2D8229E8C9700F8D3CD /* Release */,
			);
			defaultConfigurationIsVisible = 0;
			defaultConfigurationName = Release;
		};
/* End XCConfigurationList section */
	};
	rootObject = 5027E2B6229E8C9400F8D3CD /* Project object */;
}
